
Microsoft Visual Studio Solution File, Format Version 12.00
# Visual Studio 15
VisualStudioVersion = 15.0.27004.2008
MinimumVisualStudioVersion = 10.0.40219.1
Project("{FAE04EC0-301F-11D3-BF4B-00C04F79EFBC}") = "damlaTopla", "damlaTopla\damlaTopla.csproj", "{49B1364A-DC6B-4C63-B236-19F5269E070E}"
EndProject
Global
	GlobalSection(SolutionConfigurationPlatforms) = preSolution
		Debug|Any CPU = Debug|Any CPU
		Release|Any CPU = Release|Any CPU
	EndGlobalSection
	GlobalSection(ProjectConfigurationPlatforms) = postSolution
		{49B1364A-DC6B-4C63-B236-19F5269E070E}.Debug|Any CPU.ActiveCfg = Debug|Any CPU
		{49B1364A-DC6B-4C63-B236-19F5269E070E}.Debug|Any CPU.Build.0 = Debug|Any CPU
		{49B1364A-DC6B-4C63-B236-19F5269E070E}.Release|Any CPU.ActiveCfg = Release|Any CPU
		{49B1364A-DC6B-4C63-B236-19F5269E070E}.Release|Any CPU.Build.0 = Release|Any CPU
	EndGlobalSection
	GlobalSection(SolutionProperties) = preSolution
		HideSolutionNode = FALSE
	EndGlobalSection
	GlobalSection(ExtensibilityGlobals) = postSolution
		SolutionGuid = {6B6A0455-F2E2-4502-9767-0BE734ED66C5}
	EndGlobalSection
EndGlobal
